// !$*UTF8*$!
{
	archiveVersion = 1;
	classes = {
	};
	objectVersion = 48;
	objects = {

/* Begin PBXBuildFile section */
		1B3A7EF0209253A60035EBEE /* AppDelegate.swift in Sources */ = {isa = PBXBuildFile; fileRef = 1B3A7EEF209253A60035EBEE /* AppDelegate.swift */; };
		1B3A7EF2209253A60035EBEE /* ViewController.swift in Sources */ = {isa = PBXBuildFile; fileRef = 1B3A7EF1209253A60035EBEE /* ViewController.swift */; };
		1B3A7EF5209253A60035EBEE /* Main.storyboard in Resources */ = {isa = PBXBuildFile; fileRef = 1B3A7EF3209253A60035EBEE /* Main.storyboard */; };
		1B3A7EF7209253A60035EBEE /* Assets.xcassets in Resources */ = {isa = PBXBuildFile; fileRef = 1B3A7EF6209253A60035EBEE /* Assets.xcassets */; };
		1B3A7EFA209253A60035EBEE /* LaunchScreen.storyboard in Resources */ = {isa = PBXBuildFile; fileRef = 1B3A7EF8209253A60035EBEE /* LaunchScreen.storyboard */; };
		1B3A7F05209253A60035EBEE /* TinderTests.swift in Sources */ = {isa = PBXBuildFile; fileRef = 1B3A7F04209253A60035EBEE /* TinderTests.swift */; };
		1B3A7F10209253A70035EBEE /* TinderUITests.swift in Sources */ = {isa = PBXBuildFile; fileRef = 1B3A7F0F209253A70035EBEE /* TinderUITests.swift */; };
/* End PBXBuildFile section */

/* Begin PBXContainerItemProxy section */
		1B3A7F01209253A60035EBEE /* PBXContainerItemProxy */ = {
			isa = PBXContainerItemProxy;
			containerPortal = 1B3A7EE4209253A60035EBEE /* Project object */;
			proxyType = 1;
			remoteGlobalIDString = 1B3A7EEB209253A60035EBEE;
			remoteInfo = Tinder;
		};
		1B3A7F0C209253A70035EBEE /* PBXContainerItemProxy */ = {
			isa = PBXContainerItemProxy;
			containerPortal = 1B3A7EE4209253A60035EBEE /* Project object */;
			proxyType = 1;
			remoteGlobalIDString = 1B3A7EEB209253A60035EBEE;
			remoteInfo = Tinder;
		};
/* End PBXContainerItemProxy section */

/* Begin PBXFileReference section */
		1B3A7EEC209253A60035EBEE /* Tinder.app */ = {isa = PBXFileReference; explicitFileType = wrapper.application; includeInIndex = 0; path = Tinder.app; sourceTree = BUILT_PRODUCTS_DIR; };
		1B3A7EEF209253A60035EBEE /* AppDelegate.swift */ = {isa = PBXFileReference; lastKnownFileType = sourcecode.swift; path = AppDelegate.swift; sourceTree = "<group>"; };
		1B3A7EF1209253A60035EBEE /* ViewController.swift */ = {isa = PBXFileReference; lastKnownFileType = sourcecode.swift; path = ViewController.swift; sourceTree = "<group>"; };
		1B3A7EF4209253A60035EBEE /* Base */ = {isa = PBXFileReference; lastKnownFileType = file.storyboard; name = Base; path = Base.lproj/Main.storyboard; sourceTree = "<group>"; };
		1B3A7EF6209253A60035EBEE /* Assets.xcassets */ = {isa = PBXFileReference; lastKnownFileType = folder.assetcatalog; path = Assets.xcassets; sourceTree = "<group>"; };
		1B3A7EF9209253A60035EBEE /* Base */ = {isa = PBXFileReference; lastKnownFileType = file.storyboard; name = Base; path = Base.lproj/LaunchScreen.storyboard; sourceTree = "<group>"; };
		1B3A7EFB209253A60035EBEE /* Info.plist */ = {isa = PBXFileReference; lastKnownFileType = text.plist.xml; path = Info.plist; sourceTree = "<group>"; };
		1B3A7F00209253A60035EBEE /* TinderTests.xctest */ = {isa = PBXFileReference; explicitFileType = wrapper.cfbundle; includeInIndex = 0; path = TinderTests.xctest; sourceTree = BUILT_PRODUCTS_DIR; };
		1B3A7F04209253A60035EBEE /* TinderTests.swift */ = {isa = PBXFileReference; lastKnownFileType = sourcecode.swift; path = TinderTests.swift; sourceTree = "<group>"; };
		1B3A7F06209253A60035EBEE /* Info.plist */ = {isa = PBXFileReference; lastKnownFileType = text.plist.xml; path = Info.plist; sourceTree = "<group>"; };
		1B3A7F0B209253A70035EBEE /* TinderUITests.xctest */ = {isa = PBXFileReference; explicitFileType = wrapper.cfbundle; includeInIndex = 0; path = TinderUITests.xctest; sourceTree = BUILT_PRODUCTS_DIR; };
		1B3A7F0F209253A70035EBEE /* TinderUITests.swift */ = {isa = PBXFileReference; lastKnownFileType = sourcecode.swift; path = TinderUITests.swift; sourceTree = "<group>"; };
		1B3A7F11209253A70035EBEE /* Info.plist */ = {isa = PBXFileReference; lastKnownFileType = text.plist.xml; path = Info.plist; sourceTree = "<group>"; };
/* End PBXFileReference section */

/* Begin PBXFrameworksBuildPhase section */
		1B3A7EE9209253A60035EBEE /* Frameworks */ = {
			isa = PBXFrameworksBuildPhase;
			buildActionMask = 2147483647;
			files = (
			);
			runOnlyForDeploymentPostprocessing = 0;
		};
		1B3A7EFD209253A60035EBEE /* Frameworks */ = {
			isa = PBXFrameworksBuildPhase;
			buildActionMask = 2147483647;
			files = (
			);
			runOnlyForDeploymentPostprocessing = 0;
		};
		1B3A7F08209253A70035EBEE /* Frameworks */ = {
			isa = PBXFrameworksBuildPhase;
			buildActionMask = 2147483647;
			files = (
			);
			runOnlyForDeploymentPostprocessing = 0;
		};
/* End PBXFrameworksBuildPhase section */

/* Begin PBXGroup section */
		1B3A7EE3209253A60035EBEE = {
			isa = PBXGroup;
			children = (
				1B3A7EEE209253A60035EBEE /* Tinder */,
				1B3A7F03209253A60035EBEE /* TinderTests */,
				1B3A7F0E209253A70035EBEE /* TinderUITests */,
				1B3A7EED209253A60035EBEE /* Products */,
			);
			sourceTree = "<group>";
		};
		1B3A7EED209253A60035EBEE /* Products */ = {
			isa = PBXGroup;
			children = (
				1B3A7EEC209253A60035EBEE /* Tinder.app */,
				1B3A7F00209253A60035EBEE /* TinderTests.xctest */,
				1B3A7F0B209253A70035EBEE /* TinderUITests.xctest */,
			);
			name = Products;
			sourceTree = "<group>";
		};
		1B3A7EEE209253A60035EBEE /* Tinder */ = {
			isa = PBXGroup;
			children = (
				1B3A7EEF209253A60035EBEE /* AppDelegate.swift */,
				1B3A7EF1209253A60035EBEE /* ViewController.swift */,
				1B3A7EF3209253A60035EBEE /* Main.storyboard */,
				1B3A7EF6209253A60035EBEE /* Assets.xcassets */,
				1B3A7EF8209253A60035EBEE /* LaunchScreen.storyboard */,
				1B3A7EFB209253A60035EBEE /* Info.plist */,
			);
			path = Tinder;
			sourceTree = "<group>";
		};
		1B3A7F03209253A60035EBEE /* TinderTests */ = {
			isa = PBXGroup;
			children = (
				1B3A7F04209253A60035EBEE /* TinderTests.swift */,
				1B3A7F06209253A60035EBEE /* Info.plist */,
			);
			path = TinderTests;
			sourceTree = "<group>";
		};
		1B3A7F0E209253A70035EBEE /* TinderUITests */ = {
			isa = PBXGroup;
			children = (
				1B3A7F0F209253A70035EBEE /* TinderUITests.swift */,
				1B3A7F11209253A70035EBEE /* Info.plist */,
			);
			path = TinderUITests;
			sourceTree = "<group>";
		};
/* End PBXGroup section */

/* Begin PBXNativeTarget section */
		1B3A7EEB209253A60035EBEE /* Tinder */ = {
			isa = PBXNativeTarget;
			buildConfigurationList = 1B3A7F14209253A70035EBEE /* Build configuration list for PBXNativeTarget "Tinder" */;
			buildPhases = (
				1B3A7EE8209253A60035EBEE /* Sources */,
				1B3A7EE9209253A60035EBEE /* Frameworks */,
				1B3A7EEA209253A60035EBEE /* Resources */,
			);
			buildRules = (
			);
			dependencies = (
			);
			name = Tinder;
			productName = Tinder;
			productReference = 1B3A7EEC209253A60035EBEE /* Tinder.app */;
			productType = "com.apple.product-type.application";
		};
		1B3A7EFF209253A60035EBEE /* TinderTests */ = {
			isa = PBXNativeTarget;
			buildConfigurationList = 1B3A7F17209253A70035EBEE /* Build configuration list for PBXNativeTarget "TinderTests" */;
			buildPhases = (
				1B3A7EFC209253A60035EBEE /* Sources */,
				1B3A7EFD209253A60035EBEE /* Frameworks */,
				1B3A7EFE209253A60035EBEE /* Resources */,
			);
			buildRules = (
			);
			dependencies = (
				1B3A7F02209253A60035EBEE /* PBXTargetDependency */,
			);
			name = TinderTests;
			productName = TinderTests;
			productReference = 1B3A7F00209253A60035EBEE /* TinderTests.xctest */;
			productType = "com.apple.product-type.bundle.unit-test";
		};
		1B3A7F0A209253A70035EBEE /* TinderUITests */ = {
			isa = PBXNativeTarget;
			buildConfigurationList = 1B3A7F1A209253A70035EBEE /* Build configuration list for PBXNativeTarget "TinderUITests" */;
			buildPhases = (
				1B3A7F07209253A70035EBEE /* Sources */,
				1B3A7F08209253A70035EBEE /* Frameworks */,
				1B3A7F09209253A70035EBEE /* Resources */,
			);
			buildRules = (
			);
			dependencies = (
				1B3A7F0D209253A70035EBEE /* PBXTargetDependency */,
			);
			name = TinderUITests;
			productName = TinderUITests;
			productReference = 1B3A7F0B209253A70035EBEE /* TinderUITests.xctest */;
			productType = "com.apple.product-type.bundle.ui-testing";
		};
/* End PBXNativeTarget section */

/* Begin PBXProject section */
		1B3A7EE4209253A60035EBEE /* Project object */ = {
			isa = PBXProject;
			attributes = {
				LastSwiftUpdateCheck = 0920;
				LastUpgradeCheck = 0920;
				ORGANIZATIONNAME = tiaunadodd;
				TargetAttributes = {
					1B3A7EEB209253A60035EBEE = {
						CreatedOnToolsVersion = 9.2;
						ProvisioningStyle = Automatic;
					};
					1B3A7EFF209253A60035EBEE = {
						CreatedOnToolsVersion = 9.2;
						ProvisioningStyle = Automatic;
						TestTargetID = 1B3A7EEB209253A60035EBEE;
					};
					1B3A7F0A209253A70035EBEE = {
						CreatedOnToolsVersion = 9.2;
						ProvisioningStyle = Automatic;
						TestTargetID = 1B3A7EEB209253A60035EBEE;
					};
				};
			};
			buildConfigurationList = 1B3A7EE7209253A60035EBEE /* Build configuration list for PBXProject "Tinder" */;
			compatibilityVersion = "Xcode 8.0";
			developmentRegion = en;
			hasScannedForEncodings = 0;
			knownRegions = (
				en,
				Base,
			);
			mainGroup = 1B3A7EE3209253A60035EBEE;
			productRefGroup = 1B3A7EED209253A60035EBEE /* Products */;
			projectDirPath = "";
			projectRoot = "";
			targets = (
				1B3A7EEB209253A60035EBEE /* Tinder */,
				1B3A7EFF209253A60035EBEE /* TinderTests */,
				1B3A7F0A209253A70035EBEE /* TinderUITests */,
			);
		};
/* End PBXProject section */

/* Begin PBXResourcesBuildPhase section */
		1B3A7EEA209253A60035EBEE /* Resources */ = {
			isa = PBXResourcesBuildPhase;
			buildActionMask = 2147483647;
			files = (
				1B3A7EFA209253A60035EBEE /* LaunchScreen.storyboard in Resources */,
				1B3A7EF7209253A60035EBEE /* Assets.xcassets in Resources */,
				1B3A7EF5209253A60035EBEE /* Main.storyboard in Resources */,
			);
			runOnlyForDeploymentPostprocessing = 0;
		};
		1B3A7EFE209253A60035EBEE /* Resources */ = {
			isa = PBXResourcesBuildPhase;
			buildActionMask = 2147483647;
			files = (
			);
			runOnlyForDeploymentPostprocessing = 0;
		};
		1B3A7F09209253A70035EBEE /* Resources */ = {
			isa = PBXResourcesBuildPhase;
			buildActionMask = 2147483647;
			files = (
			);
			runOnlyForDeploymentPostprocessing = 0;
		};
/* End PBXResourcesBuildPhase section */

/* Begin PBXSourcesBuildPhase section */
		1B3A7EE8209253A60035EBEE /* Sources */ = {
			isa = PBXSourcesBuildPhase;
			buildActionMask = 2147483647;
			files = (
				1B3A7EF2209253A60035EBEE /* ViewController.swift in Sources */,
				1B3A7EF0209253A60035EBEE /* AppDelegate.swift in Sources */,
			);
			runOnlyForDeploymentPostprocessing = 0;
		};
		1B3A7EFC209253A60035EBEE /* Sources */ = {
			isa = PBXSourcesBuildPhase;
			buildActionMask = 2147483647;
			files = (
				1B3A7F05209253A60035EBEE /* TinderTests.swift in Sources */,
			);
			runOnlyForDeploymentPostprocessing = 0;
		};
		1B3A7F07209253A70035EBEE /* Sources */ = {
			isa = PBXSourcesBuildPhase;
			buildActionMask = 2147483647;
			files = (
				1B3A7F10209253A70035EBEE /* TinderUITests.swift in Sources */,
			);
			runOnlyForDeploymentPostprocessing = 0;
		};
/* End PBXSourcesBuildPhase section */

/* Begin PBXTargetDependency section */
		1B3A7F02209253A60035EBEE /* PBXTargetDependency */ = {
			isa = PBXTargetDependency;
			target = 1B3A7EEB209253A60035EBEE /* Tinder */;
			targetProxy = 1B3A7F01209253A60035EBEE /* PBXContainerItemProxy */;
		};
		1B3A7F0D209253A70035EBEE /* PBXTargetDependency */ = {
			isa = PBXTargetDependency;
			target = 1B3A7EEB209253A60035EBEE /* Tinder */;
			targetProxy = 1B3A7F0C209253A70035EBEE /* PBXContainerItemProxy */;
		};
/* End PBXTargetDependency section */

/* Begin PBXVariantGroup section */
		1B3A7EF3209253A60035EBEE /* Main.storyboard */ = {
			isa = PBXVariantGroup;
			children = (
				1B3A7EF4209253A60035EBEE /* Base */,
			);
			name = Main.storyboard;
			sourceTree = "<group>";
		};
		1B3A7EF8209253A60035EBEE /* LaunchScreen.storyboard */ = {
			isa = PBXVariantGroup;
			children = (
				1B3A7EF9209253A60035EBEE /* Base */,
			);
			name = LaunchScreen.storyboard;
			sourceTree = "<group>";
		};
/* End PBXVariantGroup section */

/* Begin XCBuildConfiguration section */
		1B3A7F12209253A70035EBEE /* Debug */ = {
			isa = XCBuildConfiguration;
			buildSettings = {
				ALWAYS_SEARCH_USER_PATHS = NO;
				CLANG_ANALYZER_NONNULL = YES;
				CLANG_ANALYZER_NUMBER_OBJECT_CONVERSION = YES_AGGRESSIVE;
				CLANG_CXX_LANGUAGE_STANDARD = "gnu++14";
				CLANG_CXX_LIBRARY = "libc++";
				CLANG_ENABLE_MODULES = YES;
				CLANG_ENABLE_OBJC_ARC = YES;
				CLANG_WARN_BLOCK_CAPTURE_AUTORELEASING = YES;
				CLANG_WARN_BOOL_CONVERSION = YES;
				CLANG_WARN_COMMA = YES;
				CLANG_WARN_CONSTANT_CONVERSION = YES;
				CLANG_WARN_DIRECT_OBJC_ISA_USAGE = YES_ERROR;
				CLANG_WARN_DOCUMENTATION_COMMENTS = YES;
				CLANG_WARN_EMPTY_BODY = YES;
				CLANG_WARN_ENUM_CONVERSION = YES;
				CLANG_WARN_INFINITE_RECURSION = YES;
				CLANG_WARN_INT_CONVERSION = YES;
				CLANG_WARN_NON_LITERAL_NULL_CONVERSION = YES;
				CLANG_WARN_OBJC_LITERAL_CONVERSION = YES;
				CLANG_WARN_OBJC_ROOT_CLASS = YES_ERROR;
				CLANG_WARN_RANGE_LOOP_ANALYSIS = YES;
				CLANG_WARN_STRICT_PROTOTYPES = YES;
				CLANG_WARN_SUSPICIOUS_MOVE = YES;
				CLANG_WARN_UNGUARDED_AVAILABILITY = YES_AGGRESSIVE;
				CLANG_WARN_UNREACHABLE_CODE = YES;
				CLANG_WARN__DUPLICATE_METHOD_MATCH = YES;
				CODE_SIGN_IDENTITY = "iPhone Developer";
				COPY_PHASE_STRIP = NO;
				DEBUG_INFORMATION_FORMAT = dwarf;
				ENABLE_STRICT_OBJC_MSGSEND = YES;
				ENABLE_TESTABILITY = YES;
				GCC_C_LANGUAGE_STANDARD = gnu11;
				GCC_DYNAMIC_NO_PIC = NO;
				GCC_NO_COMMON_BLOCKS = YES;
				GCC_OPTIMIZATION_LEVEL = 0;
				GCC_PREPROCESSOR_DEFINITIONS = (
					"DEBUG=1",
					"$(inherited)",
				);
				GCC_WARN_64_TO_32_BIT_CONVERSION = YES;
				GCC_WARN_ABOUT_RETURN_TYPE = YES_ERROR;
				GCC_WARN_UNDECLARED_SELECTOR = YES;
				GCC_WARN_UNINITIALIZED_AUTOS = YES_AGGRESSIVE;
				GCC_WARN_UNUSED_FUNCTION = YES;
				GCC_WARN_UNUSED_VARIABLE = YES;
				IPHONEOS_DEPLOYMENT_TARGET = 11.2;
				MTL_ENABLE_DEBUG_INFO = YES;
				ONLY_ACTIVE_ARCH = YES;
				SDKROOT = iphoneos;
				SWIFT_ACTIVE_COMPILATION_CONDITIONS = DEBUG;
				SWIFT_OPTIMIZATION_LEVEL = "-Onone";
			};
			name = Debug;
		};
		1B3A7F13209253A70035EBEE /* Release */ = {
			isa = XCBuildConfiguration;
			buildSettings = {
				ALWAYS_SEARCH_USER_PATHS = NO;
				CLANG_ANALYZER_NONNULL = YES;
				CLANG_ANALYZER_NUMBER_OBJECT_CONVERSION = YES_AGGRESSIVE;
				CLANG_CXX_LANGUAGE_STANDARD = "gnu++14";
				CLANG_CXX_LIBRARY = "libc++";
				CLANG_ENABLE_MODULES = YES;
				CLANG_ENABLE_OBJC_ARC = YES;
				CLANG_WARN_BLOCK_CAPTURE_AUTORELEASING = YES;
				CLANG_WARN_BOOL_CONVERSION = YES;
				CLANG_WARN_COMMA = YES;
				CLANG_WARN_CONSTANT_CONVERSION = YES;
				CLANG_WARN_DIRECT_OBJC_ISA_USAGE = YES_ERROR;
				CLANG_WARN_DOCUMENTATION_COMMENTS = YES;
				CLANG_WARN_EMPTY_BODY = YES;
				CLANG_WARN_ENUM_CONVERSION = YES;
				CLANG_WARN_INFINITE_RECURSION = YES;
				CLANG_WARN_INT_CONVERSION = YES;
				CLANG_WARN_NON_LITERAL_NULL_CONVERSION = YES;
				CLANG_WARN_OBJC_LITERAL_CONVERSION = YES;
				CLANG_WARN_OBJC_ROOT_CLASS = YES_ERROR;
				CLANG_WARN_RANGE_LOOP_ANALYSIS = YES;
				CLANG_WARN_STRICT_PROTOTYPES = YES;
				CLANG_WARN_SUSPICIOUS_MOVE = YES;
				CLANG_WARN_UNGUARDED_AVAILABILITY = YES_AGGRESSIVE;
				CLANG_WARN_UNREACHABLE_CODE = YES;
				CLANG_WARN__DUPLICATE_METHOD_MATCH = YES;
				CODE_SIGN_IDENTITY = "iPhone Developer";
				COPY_PHASE_STRIP = NO;
				DEBUG_INFORMATION_FORMAT = "dwarf-with-dsym";
				ENABLE_NS_ASSERTIONS = NO;
				ENABLE_STRICT_OBJC_MSGSEND = YES;
				GCC_C_LANGUAGE_STANDARD = gnu11;
				GCC_NO_COMMON_BLOCKS = YES;
				GCC_WARN_64_TO_32_BIT_CONVERSION = YES;
				GCC_WARN_ABOUT_RETURN_TYPE = YES_ERROR;
				GCC_WARN_UNDECLARED_SELECTOR = YES;
				GCC_WARN_UNINITIALIZED_AUTOS = YES_AGGRESSIVE;
				GCC_WARN_UNUSED_FUNCTION = YES;
				GCC_WARN_UNUSED_VARIABLE = YES;
				IPHONEOS_DEPLOYMENT_TARGET = 11.2;
				MTL_ENABLE_DEBUG_INFO = NO;
				SDKROOT = iphoneos;
				SWIFT_OPTIMIZATION_LEVEL = "-Owholemodule";
				VALIDATE_PRODUCT = YES;
			};
			name = Release;
		};
		1B3A7F15209253A70035EBEE /* Debug */ = {
			isa = XCBuildConfiguration;
			buildSettings = {
				ASSETCATALOG_COMPILER_APPICON_NAME = AppIcon;
				CODE_SIGN_STYLE = Automatic;
				DEVELOPMENT_TEAM = 8YMY78J73V;
				INFOPLIST_FILE = Tinder/Info.plist;
				LD_RUNPATH_SEARCH_PATHS = "$(inherited) @executable_path/Frameworks";
				PRODUCT_BUNDLE_IDENTIFIER = tiaunadodd.Tinder;
				PRODUCT_NAME = "$(TARGET_NAME)";
				SWIFT_VERSION = 4.0;
				TARGETED_DEVICE_FAMILY = "1,2";
			};
			name = Debug;
		};
		1B3A7F16209253A70035EBEE /* Release */ = {
			isa = XCBuildConfiguration;
			buildSettings = {
				ASSETCATALOG_COMPILER_APPICON_NAME = AppIcon;
				CODE_SIGN_STYLE = Automatic;
				DEVELOPMENT_TEAM = 8YMY78J73V;
				INFOPLIST_FILE = Tinder/Info.plist;
				LD_RUNPATH_SEARCH_PATHS = "$(inherited) @executable_path/Frameworks";
				PRODUCT_BUNDLE_IDENTIFIER = tiaunadodd.Tinder;
				PRODUCT_NAME = "$(TARGET_NAME)";
				SWIFT_VERSION = 4.0;
				TARGETED_DEVICE_FAMILY = "1,2";
			};
			name = Release;
		};
		1B3A7F18209253A70035EBEE /* Debug */ = {
			isa = XCBuildConfiguration;
			buildSettings = {
				ALWAYS_EMBED_SWIFT_STANDARD_LIBRARIES = YES;
				BUNDLE_LOADER = "$(TEST_HOST)";
				CODE_SIGN_STYLE = Automatic;
				DEVELOPMENT_TEAM = 8YMY78J73V;
				INFOPLIST_FILE = TinderTests/Info.plist;
				LD_RUNPATH_SEARCH_PATHS = "$(inherited) @executable_path/Frameworks @loader_path/Frameworks";
				PRODUCT_BUNDLE_IDENTIFIER = tiaunadodd.TinderTests;
				PRODUCT_NAME = "$(TARGET_NAME)";
				SWIFT_VERSION = 4.0;
				TARGETED_DEVICE_FAMILY = "1,2";
				TEST_HOST = "$(BUILT_PRODUCTS_DIR)/Tinder.app/Tinder";
			};
			name = Debug;
		};
		1B3A7F19209253A70035EBEE /* Release */ = {
			isa = XCBuildConfiguration;
			buildSettings = {
				ALWAYS_EMBED_SWIFT_STANDARD_LIBRARIES = YES;
				BUNDLE_LOADER = "$(TEST_HOST)";
				CODE_SIGN_STYLE = Automatic;
				DEVELOPMENT_TEAM = 8YMY78J73V;
				INFOPLIST_FILE = TinderTests/Info.plist;
				LD_RUNPATH_SEARCH_PATHS = "$(inherited) @executable_path/Frameworks @loader_path/Frameworks";
				PRODUCT_BUNDLE_IDENTIFIER = tiaunadodd.TinderTests;
				PRODUCT_NAME = "$(TARGET_NAME)";
				SWIFT_VERSION = 4.0;
				TARGETED_DEVICE_FAMILY = "1,2";
				TEST_HOST = "$(BUILT_PRODUCTS_DIR)/Tinder.app/Tinder";
			};
			name = Release;
		};
		1B3A7F1B209253A70035EBEE /* Debug */ = {
			isa = XCBuildConfiguration;
			buildSettings = {
				ALWAYS_EMBED_SWIFT_STANDARD_LIBRARIES = YES;
				CODE_SIGN_STYLE = Automatic;
				DEVELOPMENT_TEAM = 8YMY78J73V;
				INFOPLIST_FILE = TinderUITests/Info.plist;
				LD_RUNPATH_SEARCH_PATHS = "$(inherited) @executable_path/Frameworks @loader_path/Frameworks";
				PRODUCT_BUNDLE_IDENTIFIER = tiaunadodd.TinderUITests;
				PRODUCT_NAME = "$(TARGET_NAME)";
				SWIFT_VERSION = 4.0;
				TARGETED_DEVICE_FAMILY = "1,2";
				TEST_TARGET_NAME = Tinder;
			};
			name = Debug;
		};
		1B3A7F1C209253A70035EBEE /* Release */ = {
			isa = XCBuildConfiguration;
			buildSettings = {
				ALWAYS_EMBED_SWIFT_STANDARD_LIBRARIES = YES;
				CODE_SIGN_STYLE = Automatic;
				DEVELOPMENT_TEAM = 8YMY78J73V;
				INFOPLIST_FILE = TinderUITests/Info.plist;
				LD_RUNPATH_SEARCH_PATHS = "$(inherited) @executable_path/Frameworks @loader_path/Frameworks";
				PRODUCT_BUNDLE_IDENTIFIER = tiaunadodd.TinderUITests;
				PRODUCT_NAME = "$(TARGET_NAME)";
				SWIFT_VERSION = 4.0;
				TARGETED_DEVICE_FAMILY = "1,2";
				TEST_TARGET_NAME = Tinder;
			};
			name = Release;
		};
/* End XCBuildConfiguration section */

/* Begin XCConfigurationList section */
		1B3A7EE7209253A60035EBEE /* Build configuration list for PBXProject "Tinder" */ = {
			isa = XCConfigurationList;
			buildConfigurations = (
				1B3A7F12209253A70035EBEE /* Debug */,
				1B3A7F13209253A70035EBEE /* Release */,
			);
			defaultConfigurationIsVisible = 0;
			defaultConfigurationName = Release;
		};
		1B3A7F14209253A70035EBEE /* Build configuration list for PBXNativeTarget "Tinder" */ = {
			isa = XCConfigurationList;
			buildConfigurations = (
				1B3A7F15209253A70035EBEE /* Debug */,
				1B3A7F16209253A70035EBEE /* Release */,
			);
			defaultConfigurationIsVisible = 0;
			defaultConfigurationName = Release;
		};
		1B3A7F17209253A70035EBEE /* Build configuration list for PBXNativeTarget "TinderTests" */ = {
			isa = XCConfigurationList;
			buildConfigurations = (
				1B3A7F18209253A70035EBEE /* Debug */,
				1B3A7F19209253A70035EBEE /* Release */,
			);
			defaultConfigurationIsVisible = 0;
			defaultConfigurationName = Release;
		};
		1B3A7F1A209253A70035EBEE /* Build configuration list for PBXNativeTarget "TinderUITests" */ = {
			isa = XCConfigurationList;
			buildConfigurations = (
				1B3A7F1B209253A70035EBEE /* Debug */,
				1B3A7F1C209253A70035EBEE /* Release */,
			);
			defaultConfigurationIsVisible = 0;
			defaultConfigurationName = Release;
		};
/* End XCConfigurationList section */
	};
	rootObject = 1B3A7EE4209253A60035EBEE /* Project object */;
}
